// !$*UTF8*$!
{
	archiveVersion = 1;
	classes = {
	};
	objectVersion = 56;
	objects = {

/* Begin PBXBuildFile section */
		FC0294EB2C80AEE000528B0C /* matchGameApp.swift in Sources */ = {isa = PBXBuildFile; fileRef = FC0294EA2C80AEE000528B0C /* matchGameApp.swift */; };
		FC0294EF2C80AEE400528B0C /* Assets.xcassets in Resources */ = {isa = PBXBuildFile; fileRef = FC0294EE2C80AEE400528B0C /* Assets.xcassets */; };
		FC0294F22C80AEE400528B0C /* Preview Assets.xcassets in Resources */ = {isa = PBXBuildFile; fileRef = FC0294F12C80AEE400528B0C /* Preview Assets.xcassets */; };
		FC0294FD2C80B3D700528B0C /* Splash.swift in Sources */ = {isa = PBXBuildFile; fileRef = FC0294FC2C80B3D700528B0C /* Splash.swift */; };
		FC0295012C81EF5B00528B0C /* Login.swift in Sources */ = {isa = PBXBuildFile; fileRef = FC0295002C81EF5B00528B0C /* Login.swift */; };
		FC0295042C81F23400528B0C /* FirebaseAnalytics in Frameworks */ = {isa = PBXBuildFile; productRef = FC0295032C81F23400528B0C /* FirebaseAnalytics */; };
		FC0295062C81F23400528B0C /* FirebaseAnalyticsOnDeviceConversion in Frameworks */ = {isa = PBXBuildFile; productRef = FC0295052C81F23400528B0C /* FirebaseAnalyticsOnDeviceConversion */; };
		FC0295082C81F23400528B0C /* FirebaseAnalyticsWithoutAdIdSupport in Frameworks */ = {isa = PBXBuildFile; productRef = FC0295072C81F23400528B0C /* FirebaseAnalyticsWithoutAdIdSupport */; };
		FC02950A2C81F23400528B0C /* FirebaseAppCheck in Frameworks */ = {isa = PBXBuildFile; productRef = FC0295092C81F23400528B0C /* FirebaseAppCheck */; };
		FC02950C2C81F23400528B0C /* FirebaseAppDistribution-Beta in Frameworks */ = {isa = PBXBuildFile; productRef = FC02950B2C81F23400528B0C /* FirebaseAppDistribution-Beta */; };
		FC02950E2C81F23400528B0C /* FirebaseAuth in Frameworks */ = {isa = PBXBuildFile; productRef = FC02950D2C81F23400528B0C /* FirebaseAuth */; };
		FC0295102C81F23400528B0C /* FirebaseAuthCombine-Community in Frameworks */ = {isa = PBXBuildFile; productRef = FC02950F2C81F23400528B0C /* FirebaseAuthCombine-Community */; };
		FC0295122C81F23400528B0C /* FirebaseCrashlytics in Frameworks */ = {isa = PBXBuildFile; productRef = FC0295112C81F23400528B0C /* FirebaseCrashlytics */; };
		FC0295142C81F23400528B0C /* FirebaseDatabase in Frameworks */ = {isa = PBXBuildFile; productRef = FC0295132C81F23400528B0C /* FirebaseDatabase */; };
		FC0295162C81F23400528B0C /* FirebaseDynamicLinks in Frameworks */ = {isa = PBXBuildFile; productRef = FC0295152C81F23400528B0C /* FirebaseDynamicLinks */; };
		FC0295182C81F23400528B0C /* FirebaseFirestore in Frameworks */ = {isa = PBXBuildFile; productRef = FC0295172C81F23400528B0C /* FirebaseFirestore */; };
		FC02951A2C81F23400528B0C /* FirebaseFirestoreCombine-Community in Frameworks */ = {isa = PBXBuildFile; productRef = FC0295192C81F23400528B0C /* FirebaseFirestoreCombine-Community */; };
		FC02951C2C81F23400528B0C /* FirebaseFunctions in Frameworks */ = {isa = PBXBuildFile; productRef = FC02951B2C81F23400528B0C /* FirebaseFunctions */; };
		FC02951E2C81F23400528B0C /* FirebaseFunctionsCombine-Community in Frameworks */ = {isa = PBXBuildFile; productRef = FC02951D2C81F23400528B0C /* FirebaseFunctionsCombine-Community */; };
		FC0295202C81F23400528B0C /* FirebaseInAppMessaging-Beta in Frameworks */ = {isa = PBXBuildFile; productRef = FC02951F2C81F23400528B0C /* FirebaseInAppMessaging-Beta */; };
		FC0295222C81F23400528B0C /* FirebaseInstallations in Frameworks */ = {isa = PBXBuildFile; productRef = FC0295212C81F23400528B0C /* FirebaseInstallations */; };
		FC0295242C81F23400528B0C /* FirebaseMLModelDownloader in Frameworks */ = {isa = PBXBuildFile; productRef = FC0295232C81F23400528B0C /* FirebaseMLModelDownloader */; };
		FC0295262C81F23400528B0C /* FirebaseMessaging in Frameworks */ = {isa = PBXBuildFile; productRef = FC0295252C81F23400528B0C /* FirebaseMessaging */; };
		FC0295282C81F23400528B0C /* FirebasePerformance in Frameworks */ = {isa = PBXBuildFile; productRef = FC0295272C81F23400528B0C /* FirebasePerformance */; };
		FC02952A2C81F23400528B0C /* FirebaseRemoteConfig in Frameworks */ = {isa = PBXBuildFile; productRef = FC0295292C81F23400528B0C /* FirebaseRemoteConfig */; };
		FC02952C2C81F23400528B0C /* FirebaseStorage in Frameworks */ = {isa = PBXBuildFile; productRef = FC02952B2C81F23400528B0C /* FirebaseStorage */; };
		FC02952E2C81F23400528B0C /* FirebaseStorageCombine-Community in Frameworks */ = {isa = PBXBuildFile; productRef = FC02952D2C81F23400528B0C /* FirebaseStorageCombine-Community */; };
		FC0295302C81F23400528B0C /* FirebaseVertexAI-Preview in Frameworks */ = {isa = PBXBuildFile; productRef = FC02952F2C81F23400528B0C /* FirebaseVertexAI-Preview */; };
		FC0295322C8205C500528B0C /* LoginViewModel.swift in Sources */ = {isa = PBXBuildFile; fileRef = FC0295312C8205C500528B0C /* LoginViewModel.swift */; };
		FC0295342C8283F300528B0C /* SignInViewModel.swift in Sources */ = {isa = PBXBuildFile; fileRef = FC0295332C8283F300528B0C /* SignInViewModel.swift */; };
		FC0295382C82B31300528B0C /* SignUp.swift in Sources */ = {isa = PBXBuildFile; fileRef = FC0295372C82B31300528B0C /* SignUp.swift */; };
		FC02953A2C82BE4700528B0C /* GoogleService-Info.plist in Resources */ = {isa = PBXBuildFile; fileRef = FC0295392C82BE4700528B0C /* GoogleService-Info.plist */; };
		FC02953C2C8308F600528B0C /* Home.swift in Sources */ = {isa = PBXBuildFile; fileRef = FC02953B2C8308F600528B0C /* Home.swift */; };
		FC02953E2C830CD900528B0C /* RessetPassword.swift in Sources */ = {isa = PBXBuildFile; fileRef = FC02953D2C830CD900528B0C /* RessetPassword.swift */; };
		FC0295402C830DFB00528B0C /* RessetPasswordViewModel.swift in Sources */ = {isa = PBXBuildFile; fileRef = FC02953F2C830DFB00528B0C /* RessetPasswordViewModel.swift */; };
		FC31EEAA2C83100D00FA833D /* AppConstant.swift in Sources */ = {isa = PBXBuildFile; fileRef = FC31EEA92C83100D00FA833D /* AppConstant.swift */; };
		FC31EEAC2C83146600FA833D /* HomeViewModel.swift in Sources */ = {isa = PBXBuildFile; fileRef = FC31EEAB2C83146600FA833D /* HomeViewModel.swift */; };
/* End PBXBuildFile section */

/* Begin PBXFileReference section */
		FC0294E72C80AEE000528B0C /* matchGame.app */ = {isa = PBXFileReference; explicitFileType = wrapper.application; includeInIndex = 0; path = matchGame.app; sourceTree = BUILT_PRODUCTS_DIR; };
		FC0294EA2C80AEE000528B0C /* matchGameApp.swift */ = {isa = PBXFileReference; lastKnownFileType = sourcecode.swift; path = matchGameApp.swift; sourceTree = "<group>"; };
		FC0294EE2C80AEE400528B0C /* Assets.xcassets */ = {isa = PBXFileReference; lastKnownFileType = folder.assetcatalog; path = Assets.xcassets; sourceTree = "<group>"; };
		FC0294F12C80AEE400528B0C /* Preview Assets.xcassets */ = {isa = PBXFileReference; lastKnownFileType = folder.assetcatalog; path = "Preview Assets.xcassets"; sourceTree = "<group>"; };
		FC0294FC2C80B3D700528B0C /* Splash.swift */ = {isa = PBXFileReference; lastKnownFileType = sourcecode.swift; path = Splash.swift; sourceTree = "<group>"; };
		FC0295002C81EF5B00528B0C /* Login.swift */ = {isa = PBXFileReference; lastKnownFileType = sourcecode.swift; path = Login.swift; sourceTree = "<group>"; };
		FC0295312C8205C500528B0C /* LoginViewModel.swift */ = {isa = PBXFileReference; lastKnownFileType = sourcecode.swift; path = LoginViewModel.swift; sourceTree = "<group>"; };
		FC0295332C8283F300528B0C /* SignInViewModel.swift */ = {isa = PBXFileReference; lastKnownFileType = sourcecode.swift; path = SignInViewModel.swift; sourceTree = "<group>"; };
		FC0295372C82B31300528B0C /* SignUp.swift */ = {isa = PBXFileReference; lastKnownFileType = sourcecode.swift; path = SignUp.swift; sourceTree = "<group>"; };
		FC0295392C82BE4700528B0C /* GoogleService-Info.plist */ = {isa = PBXFileReference; fileEncoding = 4; lastKnownFileType = text.plist.xml; path = "GoogleService-Info.plist"; sourceTree = "<group>"; };
		FC02953B2C8308F600528B0C /* Home.swift */ = {isa = PBXFileReference; lastKnownFileType = sourcecode.swift; path = Home.swift; sourceTree = "<group>"; };
		FC02953D2C830CD900528B0C /* RessetPassword.swift */ = {isa = PBXFileReference; lastKnownFileType = sourcecode.swift; path = RessetPassword.swift; sourceTree = "<group>"; };
		FC02953F2C830DFB00528B0C /* RessetPasswordViewModel.swift */ = {isa = PBXFileReference; lastKnownFileType = sourcecode.swift; path = RessetPasswordViewModel.swift; sourceTree = "<group>"; };
		FC31EEA92C83100D00FA833D /* AppConstant.swift */ = {isa = PBXFileReference; lastKnownFileType = sourcecode.swift; path = AppConstant.swift; sourceTree = "<group>"; };
		FC31EEAB2C83146600FA833D /* HomeViewModel.swift */ = {isa = PBXFileReference; lastKnownFileType = sourcecode.swift; path = HomeViewModel.swift; sourceTree = "<group>"; };
/* End PBXFileReference section */

/* Begin PBXFrameworksBuildPhase section */
		FC0294E42C80AEE000528B0C /* Frameworks */ = {
			isa = PBXFrameworksBuildPhase;
			buildActionMask = 2147483647;
			files = (
				FC02952E2C81F23400528B0C /* FirebaseStorageCombine-Community in Frameworks */,
				FC0295262C81F23400528B0C /* FirebaseMessaging in Frameworks */,
				FC0295242C81F23400528B0C /* FirebaseMLModelDownloader in Frameworks */,
				FC02950A2C81F23400528B0C /* FirebaseAppCheck in Frameworks */,
				FC02950E2C81F23400528B0C /* FirebaseAuth in Frameworks */,
				FC0295042C81F23400528B0C /* FirebaseAnalytics in Frameworks */,
				FC02950C2C81F23400528B0C /* FirebaseAppDistribution-Beta in Frameworks */,
				FC0295082C81F23400528B0C /* FirebaseAnalyticsWithoutAdIdSupport in Frameworks */,
				FC0295122C81F23400528B0C /* FirebaseCrashlytics in Frameworks */,
				FC0295142C81F23400528B0C /* FirebaseDatabase in Frameworks */,
				FC02951E2C81F23400528B0C /* FirebaseFunctionsCombine-Community in Frameworks */,
				FC0295102C81F23400528B0C /* FirebaseAuthCombine-Community in Frameworks */,
				FC02952C2C81F23400528B0C /* FirebaseStorage in Frameworks */,
				FC0295062C81F23400528B0C /* FirebaseAnalyticsOnDeviceConversion in Frameworks */,
				FC02951C2C81F23400528B0C /* FirebaseFunctions in Frameworks */,
				FC0295222C81F23400528B0C /* FirebaseInstallations in Frameworks */,
				FC0295282C81F23400528B0C /* FirebasePerformance in Frameworks */,
				FC02951A2C81F23400528B0C /* FirebaseFirestoreCombine-Community in Frameworks */,
				FC0295182C81F23400528B0C /* FirebaseFirestore in Frameworks */,
				FC0295162C81F23400528B0C /* FirebaseDynamicLinks in Frameworks */,
				FC0295202C81F23400528B0C /* FirebaseInAppMessaging-Beta in Frameworks */,
				FC0295302C81F23400528B0C /* FirebaseVertexAI-Preview in Frameworks */,
				FC02952A2C81F23400528B0C /* FirebaseRemoteConfig in Frameworks */,
			);
			runOnlyForDeploymentPostprocessing = 0;
		};
/* End PBXFrameworksBuildPhase section */

/* Begin PBXGroup section */
		FC0294DE2C80AEE000528B0C = {
			isa = PBXGroup;
			children = (
				FC0294E92C80AEE000528B0C /* matchGame */,
				FC0294E82C80AEE000528B0C /* Products */,
			);
			sourceTree = "<group>";
		};
		FC0294E82C80AEE000528B0C /* Products */ = {
			isa = PBXGroup;
			children = (
				FC0294E72C80AEE000528B0C /* matchGame.app */,
			);
			name = Products;
			sourceTree = "<group>";
		};
		FC0294E92C80AEE000528B0C /* matchGame */ = {
			isa = PBXGroup;
			children = (
				FC0295392C82BE4700528B0C /* GoogleService-Info.plist */,
				FC0294EA2C80AEE000528B0C /* matchGameApp.swift */,
				FC0294F82C80B36200528B0C /* UseCase */,
				FC0294F92C80B36C00528B0C /* Repository */,
				FC0294FA2C80B37600528B0C /* Views */,
				FC0294FB2C80B38100528B0C /* ViewModels */,
				FC0294EE2C80AEE400528B0C /* Assets.xcassets */,
				FC0294F02C80AEE400528B0C /* Preview Content */,
				FC31EEA92C83100D00FA833D /* AppConstant.swift */,
			);
			path = matchGame;
			sourceTree = "<group>";
		};
		FC0294F02C80AEE400528B0C /* Preview Content */ = {
			isa = PBXGroup;
			children = (
				FC0294F12C80AEE400528B0C /* Preview Assets.xcassets */,
			);
			path = "Preview Content";
			sourceTree = "<group>";
		};
		FC0294F82C80B36200528B0C /* UseCase */ = {
			isa = PBXGroup;
			children = (
			);
			path = UseCase;
			sourceTree = "<group>";
		};
		FC0294F92C80B36C00528B0C /* Repository */ = {
			isa = PBXGroup;
			children = (
			);
			path = Repository;
			sourceTree = "<group>";
		};
		FC0294FA2C80B37600528B0C /* Views */ = {
			isa = PBXGroup;
			children = (
				FC0294FC2C80B3D700528B0C /* Splash.swift */,
				FC0295002C81EF5B00528B0C /* Login.swift */,
				FC0295372C82B31300528B0C /* SignUp.swift */,
				FC02953B2C8308F600528B0C /* Home.swift */,
				FC02953D2C830CD900528B0C /* RessetPassword.swift */,
			);
			path = Views;
			sourceTree = "<group>";
		};
		FC0294FB2C80B38100528B0C /* ViewModels */ = {
			isa = PBXGroup;
			children = (
				FC0295312C8205C500528B0C /* LoginViewModel.swift */,
				FC0295332C8283F300528B0C /* SignInViewModel.swift */,
				FC02953F2C830DFB00528B0C /* RessetPasswordViewModel.swift */,
				FC31EEAB2C83146600FA833D /* HomeViewModel.swift */,
			);
			path = ViewModels;
			sourceTree = "<group>";
		};
/* End PBXGroup section */

/* Begin PBXNativeTarget section */
		FC0294E62C80AEE000528B0C /* matchGame */ = {
			isa = PBXNativeTarget;
			buildConfigurationList = FC0294F52C80AEE400528B0C /* Build configuration list for PBXNativeTarget "matchGame" */;
			buildPhases = (
				FC0294E32C80AEE000528B0C /* Sources */,
				FC0294E42C80AEE000528B0C /* Frameworks */,
				FC0294E52C80AEE000528B0C /* Resources */,
			);
			buildRules = (
			);
			dependencies = (
			);
			name = matchGame;
			packageProductDependencies = (
				FC0295032C81F23400528B0C /* FirebaseAnalytics */,
				FC0295052C81F23400528B0C /* FirebaseAnalyticsOnDeviceConversion */,
				FC0295072C81F23400528B0C /* FirebaseAnalyticsWithoutAdIdSupport */,
				FC0295092C81F23400528B0C /* FirebaseAppCheck */,
				FC02950B2C81F23400528B0C /* FirebaseAppDistribution-Beta */,
				FC02950D2C81F23400528B0C /* FirebaseAuth */,
				FC02950F2C81F23400528B0C /* FirebaseAuthCombine-Community */,
				FC0295112C81F23400528B0C /* FirebaseCrashlytics */,
				FC0295132C81F23400528B0C /* FirebaseDatabase */,
				FC0295152C81F23400528B0C /* FirebaseDynamicLinks */,
				FC0295172C81F23400528B0C /* FirebaseFirestore */,
				FC0295192C81F23400528B0C /* FirebaseFirestoreCombine-Community */,
				FC02951B2C81F23400528B0C /* FirebaseFunctions */,
				FC02951D2C81F23400528B0C /* FirebaseFunctionsCombine-Community */,
				FC02951F2C81F23400528B0C /* FirebaseInAppMessaging-Beta */,
				FC0295212C81F23400528B0C /* FirebaseInstallations */,
				FC0295232C81F23400528B0C /* FirebaseMLModelDownloader */,
				FC0295252C81F23400528B0C /* FirebaseMessaging */,
				FC0295272C81F23400528B0C /* FirebasePerformance */,
				FC0295292C81F23400528B0C /* FirebaseRemoteConfig */,
				FC02952B2C81F23400528B0C /* FirebaseStorage */,
				FC02952D2C81F23400528B0C /* FirebaseStorageCombine-Community */,
				FC02952F2C81F23400528B0C /* FirebaseVertexAI-Preview */,
			);
			productName = matchGame;
			productReference = FC0294E72C80AEE000528B0C /* matchGame.app */;
			productType = "com.apple.product-type.application";
		};
/* End PBXNativeTarget section */

/* Begin PBXProject section */
		FC0294DF2C80AEE000528B0C /* Project object */ = {
			isa = PBXProject;
			attributes = {
				BuildIndependentTargetsInParallel = 1;
				LastSwiftUpdateCheck = 1510;
				LastUpgradeCheck = 1510;
				TargetAttributes = {
					FC0294E62C80AEE000528B0C = {
						CreatedOnToolsVersion = 15.1;
					};
				};
			};
			buildConfigurationList = FC0294E22C80AEE000528B0C /* Build configuration list for PBXProject "matchGame" */;
			compatibilityVersion = "Xcode 14.0";
			developmentRegion = en;
			hasScannedForEncodings = 0;
			knownRegions = (
				en,
				Base,
			);
			mainGroup = FC0294DE2C80AEE000528B0C;
			packageReferences = (
				FC0295022C81F23400528B0C /* XCRemoteSwiftPackageReference "firebase-ios-sdk" */,
			);
			productRefGroup = FC0294E82C80AEE000528B0C /* Products */;
			projectDirPath = "";
			projectRoot = "";
			targets = (
				FC0294E62C80AEE000528B0C /* matchGame */,
			);
		};
/* End PBXProject section */

/* Begin PBXResourcesBuildPhase section */
		FC0294E52C80AEE000528B0C /* Resources */ = {
			isa = PBXResourcesBuildPhase;
			buildActionMask = 2147483647;
			files = (
				FC0294F22C80AEE400528B0C /* Preview Assets.xcassets in Resources */,
				FC02953A2C82BE4700528B0C /* GoogleService-Info.plist in Resources */,
				FC0294EF2C80AEE400528B0C /* Assets.xcassets in Resources */,
			);
			runOnlyForDeploymentPostprocessing = 0;
		};
/* End PBXResourcesBuildPhase section */

/* Begin PBXSourcesBuildPhase section */
		FC0294E32C80AEE000528B0C /* Sources */ = {
			isa = PBXSourcesBuildPhase;
			buildActionMask = 2147483647;
			files = (
				FC02953E2C830CD900528B0C /* RessetPassword.swift in Sources */,
				FC31EEAC2C83146600FA833D /* HomeViewModel.swift in Sources */,
				FC31EEAA2C83100D00FA833D /* AppConstant.swift in Sources */,
				FC0295402C830DFB00528B0C /* RessetPasswordViewModel.swift in Sources */,
				FC0295322C8205C500528B0C /* LoginViewModel.swift in Sources */,
				FC0295382C82B31300528B0C /* SignUp.swift in Sources */,
				FC0295012C81EF5B00528B0C /* Login.swift in Sources */,
				FC0294FD2C80B3D700528B0C /* Splash.swift in Sources */,
				FC0294EB2C80AEE000528B0C /* matchGameApp.swift in Sources */,
				FC0295342C8283F300528B0C /* SignInViewModel.swift in Sources */,
				FC02953C2C8308F600528B0C /* Home.swift in Sources */,
			);
			runOnlyForDeploymentPostprocessing = 0;
		};
/* End PBXSourcesBuildPhase section */

/* Begin XCBuildConfiguration section */
		FC0294F32C80AEE400528B0C /* Debug */ = {
			isa = XCBuildConfiguration;
			buildSettings = {
				ALWAYS_SEARCH_USER_PATHS = NO;
				ASSETCATALOG_COMPILER_GENERATE_SWIFT_ASSET_SYMBOL_EXTENSIONS = YES;
				CLANG_ANALYZER_NONNULL = YES;
				CLANG_ANALYZER_NUMBER_OBJECT_CONVERSION = YES_AGGRESSIVE;
				CLANG_CXX_LANGUAGE_STANDARD = "gnu++20";
				CLANG_ENABLE_MODULES = YES;
				CLANG_ENABLE_OBJC_ARC = YES;
				CLANG_ENABLE_OBJC_WEAK = YES;
				CLANG_WARN_BLOCK_CAPTURE_AUTORELEASING = YES;
				CLANG_WARN_BOOL_CONVERSION = YES;
				CLANG_WARN_COMMA = YES;
				CLANG_WARN_CONSTANT_CONVERSION = YES;
				CLANG_WARN_DEPRECATED_OBJC_IMPLEMENTATIONS = YES;
				CLANG_WARN_DIRECT_OBJC_ISA_USAGE = YES_ERROR;
				CLANG_WARN_DOCUMENTATION_COMMENTS = YES;
				CLANG_WARN_EMPTY_BODY = YES;
				CLANG_WARN_ENUM_CONVERSION = YES;
				CLANG_WARN_INFINITE_RECURSION = YES;
				CLANG_WARN_INT_CONVERSION = YES;
				CLANG_WARN_NON_LITERAL_NULL_CONVERSION = YES;
				CLANG_WARN_OBJC_IMPLICIT_RETAIN_SELF = YES;
				CLANG_WARN_OBJC_LITERAL_CONVERSION = YES;
				CLANG_WARN_OBJC_ROOT_CLASS = YES_ERROR;
				CLANG_WARN_QUOTED_INCLUDE_IN_FRAMEWORK_HEADER = YES;
				CLANG_WARN_RANGE_LOOP_ANALYSIS = YES;
				CLANG_WARN_STRICT_PROTOTYPES = YES;
				CLANG_WARN_SUSPICIOUS_MOVE = YES;
				CLANG_WARN_UNGUARDED_AVAILABILITY = YES_AGGRESSIVE;
				CLANG_WARN_UNREACHABLE_CODE = YES;
				CLANG_WARN__DUPLICATE_METHOD_MATCH = YES;
				COPY_PHASE_STRIP = NO;
				DEBUG_INFORMATION_FORMAT = dwarf;
				ENABLE_STRICT_OBJC_MSGSEND = YES;
				ENABLE_TESTABILITY = YES;
				ENABLE_USER_SCRIPT_SANDBOXING = YES;
				GCC_C_LANGUAGE_STANDARD = gnu17;
				GCC_DYNAMIC_NO_PIC = NO;
				GCC_NO_COMMON_BLOCKS = YES;
				GCC_OPTIMIZATION_LEVEL = 0;
				GCC_PREPROCESSOR_DEFINITIONS = (
					"DEBUG=1",
					"$(inherited)",
				);
				GCC_WARN_64_TO_32_BIT_CONVERSION = YES;
				GCC_WARN_ABOUT_RETURN_TYPE = YES_ERROR;
				GCC_WARN_UNDECLARED_SELECTOR = YES;
				GCC_WARN_UNINITIALIZED_AUTOS = YES_AGGRESSIVE;
				GCC_WARN_UNUSED_FUNCTION = YES;
				GCC_WARN_UNUSED_VARIABLE = YES;
				IPHONEOS_DEPLOYMENT_TARGET = 17.2;
				LOCALIZATION_PREFERS_STRING_CATALOGS = YES;
				MTL_ENABLE_DEBUG_INFO = INCLUDE_SOURCE;
				MTL_FAST_MATH = YES;
				ONLY_ACTIVE_ARCH = YES;
				SDKROOT = iphoneos;
				SWIFT_ACTIVE_COMPILATION_CONDITIONS = "DEBUG $(inherited)";
				SWIFT_OPTIMIZATION_LEVEL = "-Onone";
			};
			name = Debug;
		};
		FC0294F42C80AEE400528B0C /* Release */ = {
			isa = XCBuildConfiguration;
			buildSettings = {
				ALWAYS_SEARCH_USER_PATHS = NO;
				ASSETCATALOG_COMPILER_GENERATE_SWIFT_ASSET_SYMBOL_EXTENSIONS = YES;
				CLANG_ANALYZER_NONNULL = YES;
				CLANG_ANALYZER_NUMBER_OBJECT_CONVERSION = YES_AGGRESSIVE;
				CLANG_CXX_LANGUAGE_STANDARD = "gnu++20";
				CLANG_ENABLE_MODULES = YES;
				CLANG_ENABLE_OBJC_ARC = YES;
				CLANG_ENABLE_OBJC_WEAK = YES;
				CLANG_WARN_BLOCK_CAPTURE_AUTORELEASING = YES;
				CLANG_WARN_BOOL_CONVERSION = YES;
				CLANG_WARN_COMMA = YES;
				CLANG_WARN_CONSTANT_CONVERSION = YES;
				CLANG_WARN_DEPRECATED_OBJC_IMPLEMENTATIONS = YES;
				CLANG_WARN_DIRECT_OBJC_ISA_USAGE = YES_ERROR;
				CLANG_WARN_DOCUMENTATION_COMMENTS = YES;
				CLANG_WARN_EMPTY_BODY = YES;
				CLANG_WARN_ENUM_CONVERSION = YES;
				CLANG_WARN_INFINITE_RECURSION = YES;
				CLANG_WARN_INT_CONVERSION = YES;
				CLANG_WARN_NON_LITERAL_NULL_CONVERSION = YES;
				CLANG_WARN_OBJC_IMPLICIT_RETAIN_SELF = YES;
				CLANG_WARN_OBJC_LITERAL_CONVERSION = YES;
				CLANG_WARN_OBJC_ROOT_CLASS = YES_ERROR;
				CLANG_WARN_QUOTED_INCLUDE_IN_FRAMEWORK_HEADER = YES;
				CLANG_WARN_RANGE_LOOP_ANALYSIS = YES;
				CLANG_WARN_STRICT_PROTOTYPES = YES;
				CLANG_WARN_SUSPICIOUS_MOVE = YES;
				CLANG_WARN_UNGUARDED_AVAILABILITY = YES_AGGRESSIVE;
				CLANG_WARN_UNREACHABLE_CODE = YES;
				CLANG_WARN__DUPLICATE_METHOD_MATCH = YES;
				COPY_PHASE_STRIP = NO;
				DEBUG_INFORMATION_FORMAT = "dwarf-with-dsym";
				ENABLE_NS_ASSERTIONS = NO;
				ENABLE_STRICT_OBJC_MSGSEND = YES;
				ENABLE_USER_SCRIPT_SANDBOXING = YES;
				GCC_C_LANGUAGE_STANDARD = gnu17;
				GCC_NO_COMMON_BLOCKS = YES;
				GCC_WARN_64_TO_32_BIT_CONVERSION = YES;
				GCC_WARN_ABOUT_RETURN_TYPE = YES_ERROR;
				GCC_WARN_UNDECLARED_SELECTOR = YES;
				GCC_WARN_UNINITIALIZED_AUTOS = YES_AGGRESSIVE;
				GCC_WARN_UNUSED_FUNCTION = YES;
				GCC_WARN_UNUSED_VARIABLE = YES;
				IPHONEOS_DEPLOYMENT_TARGET = 17.2;
				LOCALIZATION_PREFERS_STRING_CATALOGS = YES;
				MTL_ENABLE_DEBUG_INFO = NO;
				MTL_FAST_MATH = YES;
				SDKROOT = iphoneos;
				SWIFT_COMPILATION_MODE = wholemodule;
				VALIDATE_PRODUCT = YES;
			};
			name = Release;
		};
		FC0294F62C80AEE400528B0C /* Debug */ = {
			isa = XCBuildConfiguration;
			buildSettings = {
				ASSETCATALOG_COMPILER_APPICON_NAME = AppIcon;
				ASSETCATALOG_COMPILER_GLOBAL_ACCENT_COLOR_NAME = AccentColor;
				CODE_SIGN_STYLE = Automatic;
				CURRENT_PROJECT_VERSION = 1;
				DEVELOPMENT_ASSET_PATHS = "\"matchGame/Preview Content\"";
				DEVELOPMENT_TEAM = P97LMAHA9N;
				ENABLE_PREVIEWS = YES;
				GENERATE_INFOPLIST_FILE = YES;
				INFOPLIST_KEY_UIApplicationSceneManifest_Generation = YES;
				INFOPLIST_KEY_UIApplicationSupportsIndirectInputEvents = YES;
				INFOPLIST_KEY_UILaunchScreen_Generation = YES;
				INFOPLIST_KEY_UISupportedInterfaceOrientations_iPad = "UIInterfaceOrientationPortrait UIInterfaceOrientationPortraitUpsideDown UIInterfaceOrientationLandscapeLeft UIInterfaceOrientationLandscapeRight";
				INFOPLIST_KEY_UISupportedInterfaceOrientations_iPhone = "UIInterfaceOrientationPortrait UIInterfaceOrientationLandscapeLeft UIInterfaceOrientationLandscapeRight";
				LD_RUNPATH_SEARCH_PATHS = (
					"$(inherited)",
					"@executable_path/Frameworks",
				);
				MARKETING_VERSION = 1.0;
				PRODUCT_BUNDLE_IDENTIFIER = com..matchGame;
				PRODUCT_NAME = "$(TARGET_NAME)";
				SWIFT_EMIT_LOC_STRINGS = YES;
				SWIFT_VERSION = 5.0;
				TARGETED_DEVICE_FAMILY = "1,2";
			};
			name = Debug;
		};
		FC0294F72C80AEE400528B0C /* Release */ = {
			isa = XCBuildConfiguration;
			buildSettings = {
				ASSETCATALOG_COMPILER_APPICON_NAME = AppIcon;
				ASSETCATALOG_COMPILER_GLOBAL_ACCENT_COLOR_NAME = AccentColor;
				CODE_SIGN_STYLE = Automatic;
				CURRENT_PROJECT_VERSION = 1;
				DEVELOPMENT_ASSET_PATHS = "\"matchGame/Preview Content\"";
				DEVELOPMENT_TEAM = P97LMAHA9N;
				ENABLE_PREVIEWS = YES;
				GENERATE_INFOPLIST_FILE = YES;
				INFOPLIST_KEY_UIApplicationSceneManifest_Generation = YES;
				INFOPLIST_KEY_UIApplicationSupportsIndirectInputEvents = YES;
				INFOPLIST_KEY_UILaunchScreen_Generation = YES;
				INFOPLIST_KEY_UISupportedInterfaceOrientations_iPad = "UIInterfaceOrientationPortrait UIInterfaceOrientationPortraitUpsideDown UIInterfaceOrientationLandscapeLeft UIInterfaceOrientationLandscapeRight";
				INFOPLIST_KEY_UISupportedInterfaceOrientations_iPhone = "UIInterfaceOrientationPortrait UIInterfaceOrientationLandscapeLeft UIInterfaceOrientationLandscapeRight";
				LD_RUNPATH_SEARCH_PATHS = (
					"$(inherited)",
					"@executable_path/Frameworks",
				);
				MARKETING_VERSION = 1.0;
				PRODUCT_BUNDLE_IDENTIFIER = com..matchGame;
				PRODUCT_NAME = "$(TARGET_NAME)";
				SWIFT_EMIT_LOC_STRINGS = YES;
				SWIFT_VERSION = 5.0;
				TARGETED_DEVICE_FAMILY = "1,2";
			};
			name = Release;
		};
/* End XCBuildConfiguration section */

/* Begin XCConfigurationList section */
		FC0294E22C80AEE000528B0C /* Build configuration list for PBXProject "matchGame" */ = {
			isa = XCConfigurationList;
			buildConfigurations = (
				FC0294F32C80AEE400528B0C /* Debug */,
				FC0294F42C80AEE400528B0C /* Release */,
			);
			defaultConfigurationIsVisible = 0;
			defaultConfigurationName = Release;
		};
		FC0294F52C80AEE400528B0C /* Build configuration list for PBXNativeTarget "matchGame" */ = {
			isa = XCConfigurationList;
			buildConfigurations = (
				FC0294F62C80AEE400528B0C /* Debug */,
				FC0294F72C80AEE400528B0C /* Release */,
			);
			defaultConfigurationIsVisible = 0;
			defaultConfigurationName = Release;
		};
/* End XCConfigurationList section */

/* Begin XCRemoteSwiftPackageReference section */
		FC0295022C81F23400528B0C /* XCRemoteSwiftPackageReference "firebase-ios-sdk" */ = {
			isa = XCRemoteSwiftPackageReference;
			repositoryURL = "https://github.com/firebase/firebase-ios-sdk";
			requirement = {
				kind = upToNextMajorVersion;
				minimumVersion = 11.1.0;
			};
		};
/* End XCRemoteSwiftPackageReference section */

/* Begin XCSwiftPackageProductDependency section */
		FC0295032C81F23400528B0C /* FirebaseAnalytics */ = {
			isa = XCSwiftPackageProductDependency;
			package = FC0295022C81F23400528B0C /* XCRemoteSwiftPackageReference "firebase-ios-sdk" */;
			productName = FirebaseAnalytics;
		};
		FC0295052C81F23400528B0C /* FirebaseAnalyticsOnDeviceConversion */ = {
			isa = XCSwiftPackageProductDependency;
			package = FC0295022C81F23400528B0C /* XCRemoteSwiftPackageReference "firebase-ios-sdk" */;
			productName = FirebaseAnalyticsOnDeviceConversion;
		};
		FC0295072C81F23400528B0C /* FirebaseAnalyticsWithoutAdIdSupport */ = {
			isa = XCSwiftPackageProductDependency;
			package = FC0295022C81F23400528B0C /* XCRemoteSwiftPackageReference "firebase-ios-sdk" */;
			productName = FirebaseAnalyticsWithoutAdIdSupport;
		};
		FC0295092C81F23400528B0C /* FirebaseAppCheck */ = {
			isa = XCSwiftPackageProductDependency;
			package = FC0295022C81F23400528B0C /* XCRemoteSwiftPackageReference "firebase-ios-sdk" */;
			productName = FirebaseAppCheck;
		};
		FC02950B2C81F23400528B0C /* FirebaseAppDistribution-Beta */ = {
			isa = XCSwiftPackageProductDependency;
			package = FC0295022C81F23400528B0C /* XCRemoteSwiftPackageReference "firebase-ios-sdk" */;
			productName = "FirebaseAppDistribution-Beta";
		};
		FC02950D2C81F23400528B0C /* FirebaseAuth */ = {
			isa = XCSwiftPackageProductDependency;
			package = FC0295022C81F23400528B0C /* XCRemoteSwiftPackageReference "firebase-ios-sdk" */;
			productName = FirebaseAuth;
		};
		FC02950F2C81F23400528B0C /* FirebaseAuthCombine-Community */ = {
			isa = XCSwiftPackageProductDependency;
			package = FC0295022C81F23400528B0C /* XCRemoteSwiftPackageReference "firebase-ios-sdk" */;
			productName = "FirebaseAuthCombine-Community";
		};
		FC0295112C81F23400528B0C /* FirebaseCrashlytics */ = {
			isa = XCSwiftPackageProductDependency;
			package = FC0295022C81F23400528B0C /* XCRemoteSwiftPackageReference "firebase-ios-sdk" */;
			productName = FirebaseCrashlytics;
		};
		FC0295132C81F23400528B0C /* FirebaseDatabase */ = {
			isa = XCSwiftPackageProductDependency;
			package = FC0295022C81F23400528B0C /* XCRemoteSwiftPackageReference "firebase-ios-sdk" */;
			productName = FirebaseDatabase;
		};
		FC0295152C81F23400528B0C /* FirebaseDynamicLinks */ = {
			isa = XCSwiftPackageProductDependency;
			package = FC0295022C81F23400528B0C /* XCRemoteSwiftPackageReference "firebase-ios-sdk" */;
			productName = FirebaseDynamicLinks;
		};
		FC0295172C81F23400528B0C /* FirebaseFirestore */ = {
			isa = XCSwiftPackageProductDependency;
			package = FC0295022C81F23400528B0C /* XCRemoteSwiftPackageReference "firebase-ios-sdk" */;
			productName = FirebaseFirestore;
		};
		FC0295192C81F23400528B0C /* FirebaseFirestoreCombine-Community */ = {
			isa = XCSwiftPackageProductDependency;
			package = FC0295022C81F23400528B0C /* XCRemoteSwiftPackageReference "firebase-ios-sdk" */;
			productName = "FirebaseFirestoreCombine-Community";
		};
		FC02951B2C81F23400528B0C /* FirebaseFunctions */ = {
			isa = XCSwiftPackageProductDependency;
			package = FC0295022C81F23400528B0C /* XCRemoteSwiftPackageReference "firebase-ios-sdk" */;
			productName = FirebaseFunctions;
		};
		FC02951D2C81F23400528B0C /* FirebaseFunctionsCombine-Community */ = {
			isa = XCSwiftPackageProductDependency;
			package = FC0295022C81F23400528B0C /* XCRemoteSwiftPackageReference "firebase-ios-sdk" */;
			productName = "FirebaseFunctionsCombine-Community";
		};
		FC02951F2C81F23400528B0C /* FirebaseInAppMessaging-Beta */ = {
			isa = XCSwiftPackageProductDependency;
			package = FC0295022C81F23400528B0C /* XCRemoteSwiftPackageReference "firebase-ios-sdk" */;
			productName = "FirebaseInAppMessaging-Beta";
		};
		FC0295212C81F23400528B0C /* FirebaseInstallations */ = {
			isa = XCSwiftPackageProductDependency;
			package = FC0295022C81F23400528B0C /* XCRemoteSwiftPackageReference "firebase-ios-sdk" */;
			productName = FirebaseInstallations;
		};
		FC0295232C81F23400528B0C /* FirebaseMLModelDownloader */ = {
			isa = XCSwiftPackageProductDependency;
			package = FC0295022C81F23400528B0C /* XCRemoteSwiftPackageReference "firebase-ios-sdk" */;
			productName = FirebaseMLModelDownloader;
		};
		FC0295252C81F23400528B0C /* FirebaseMessaging */ = {
			isa = XCSwiftPackageProductDependency;
			package = FC0295022C81F23400528B0C /* XCRemoteSwiftPackageReference "firebase-ios-sdk" */;
			productName = FirebaseMessaging;
		};
		FC0295272C81F23400528B0C /* FirebasePerformance */ = {
			isa = XCSwiftPackageProductDependency;
			package = FC0295022C81F23400528B0C /* XCRemoteSwiftPackageReference "firebase-ios-sdk" */;
			productName = FirebasePerformance;
		};
		FC0295292C81F23400528B0C /* FirebaseRemoteConfig */ = {
			isa = XCSwiftPackageProductDependency;
			package = FC0295022C81F23400528B0C /* XCRemoteSwiftPackageReference "firebase-ios-sdk" */;
			productName = FirebaseRemoteConfig;
		};
		FC02952B2C81F23400528B0C /* FirebaseStorage */ = {
			isa = XCSwiftPackageProductDependency;
			package = FC0295022C81F23400528B0C /* XCRemoteSwiftPackageReference "firebase-ios-sdk" */;
			productName = FirebaseStorage;
		};
		FC02952D2C81F23400528B0C /* FirebaseStorageCombine-Community */ = {
			isa = XCSwiftPackageProductDependency;
			package = FC0295022C81F23400528B0C /* XCRemoteSwiftPackageReference "firebase-ios-sdk" */;
			productName = "FirebaseStorageCombine-Community";
		};
		FC02952F2C81F23400528B0C /* FirebaseVertexAI-Preview */ = {
			isa = XCSwiftPackageProductDependency;
			package = FC0295022C81F23400528B0C /* XCRemoteSwiftPackageReference "firebase-ios-sdk" */;
			productName = "FirebaseVertexAI-Preview";
		};
/* End XCSwiftPackageProductDependency section */
	};
	rootObject = FC0294DF2C80AEE000528B0C /* Project object */;
}
